
Microsoft Visual Studio Solution File, Format Version 12.00
# Visual Studio 15
VisualStudioVersion = 15.0.28307.1401
MinimumVisualStudioVersion = 10.0.40219.1
Project("{FAE04EC0-301F-11D3-BF4B-00C04F79EFBC}") = "FED01-StudioProject", "FED01-StudioProject\FED01-StudioProject.csproj", "{B93D8A1F-DF61-490F-9741-51F76D528101}"
EndProject
Global
	GlobalSection(SolutionConfigurationPlatforms) = preSolution
		Debug|Any CPU = Debug|Any CPU
		Release|Any CPU = Release|Any CPU
	EndGlobalSection
	GlobalSection(ProjectConfigurationPlatforms) = postSolution
		{B93D8A1F-DF61-490F-9741-51F76D528101}.Debug|Any CPU.ActiveCfg = Debug|Any CPU
		{B93D8A1F-DF61-490F-9741-51F76D528101}.Debug|Any CPU.Build.0 = Debug|Any CPU
		{B93D8A1F-DF61-490F-9741-51F76D528101}.Release|Any CPU.ActiveCfg = Release|Any CPU
		{B93D8A1F-DF61-490F-9741-51F76D528101}.Release|Any CPU.Build.0 = Release|Any CPU
	EndGlobalSection
	GlobalSection(SolutionProperties) = preSolution
		HideSolutionNode = FALSE
	EndGlobalSection
	GlobalSection(ExtensibilityGlobals) = postSolution
		SolutionGuid = {54D6DF19-E925-4545-9C29-DBB5054BEB21}
	EndGlobalSection
EndGlobal
